
Microsoft Visual Studio Solution File, Format Version 12.00
# Visual Studio Version 16
VisualStudioVersion = 16.0.30907.101
MinimumVisualStudioVersion = 10.0.40219.1
Project("{FAE04EC0-301F-11D3-BF4B-00C04F79EFBC}") = "Arduino_serial_communication", "Arduino_serial_communication.csproj", "{F147C1B8-018B-476C-8AD8-DFE6E8B2923F}"
EndProject
Global
	GlobalSection(SolutionConfigurationPlatforms) = preSolution
		Debug|Any CPU = Debug|Any CPU
		Release|Any CPU = Release|Any CPU
	EndGlobalSection
	GlobalSection(ProjectConfigurationPlatforms) = postSolution
		{F147C1B8-018B-476C-8AD8-DFE6E8B2923F}.Debug|Any CPU.ActiveCfg = Debug|Any CPU
		{F147C1B8-018B-476C-8AD8-DFE6E8B2923F}.Debug|Any CPU.Build.0 = Debug|Any CPU
		{F147C1B8-018B-476C-8AD8-DFE6E8B2923F}.Release|Any CPU.ActiveCfg = Release|Any CPU
		{F147C1B8-018B-476C-8AD8-DFE6E8B2923F}.Release|Any CPU.Build.0 = Release|Any CPU
	EndGlobalSection
	GlobalSection(SolutionProperties) = preSolution
		HideSolutionNode = FALSE
	EndGlobalSection
	GlobalSection(ExtensibilityGlobals) = postSolution
		SolutionGuid = {4E59FEDA-7C1F-470F-916B-7B763D339094}
	EndGlobalSection
EndGlobal
